
Microsoft Visual Studio Solution File, Format Version 12.00
# Visual Studio Version 16
VisualStudioVersion = 16.0.30128.74
MinimumVisualStudioVersion = 10.0.40219.1
Project("{FAE04EC0-301F-11D3-BF4B-00C04F79EFBC}") = "MullerPekseg", "MullerPekseg\MullerPekseg.csproj", "{EB760E23-784E-4FB3-85D9-57D6AA791CFA}"
EndProject
Global
	GlobalSection(SolutionConfigurationPlatforms) = preSolution
		Debug|Any CPU = Debug|Any CPU
		Release|Any CPU = Release|Any CPU
	EndGlobalSection
	GlobalSection(ProjectConfigurationPlatforms) = postSolution
		{EB760E23-784E-4FB3-85D9-57D6AA791CFA}.Debug|Any CPU.ActiveCfg = Debug|Any CPU
		{EB760E23-784E-4FB3-85D9-57D6AA791CFA}.Debug|Any CPU.Build.0 = Debug|Any CPU
		{EB760E23-784E-4FB3-85D9-57D6AA791CFA}.Release|Any CPU.ActiveCfg = Release|Any CPU
		{EB760E23-784E-4FB3-85D9-57D6AA791CFA}.Release|Any CPU.Build.0 = Release|Any CPU
	EndGlobalSection
	GlobalSection(SolutionProperties) = preSolution
		HideSolutionNode = FALSE
	EndGlobalSection
	GlobalSection(ExtensibilityGlobals) = postSolution
		SolutionGuid = {33BD6B71-4D0E-4FCB-B2D8-8413BB8A420B}
	EndGlobalSection
EndGlobal
